
Microsoft Visual Studio Solution File, Format Version 12.00
# Visual Studio Version 17
VisualStudioVersion = 17.13.35913.81
MinimumVisualStudioVersion = 10.0.40219.1
Project("{2150E333-8FDC-42A3-9474-1A3956D46DE8}") = "Core", "Core", "{02EA681E-C7D8-13C7-8484-4AC65E1B71E8}"
EndProject
Project("{2150E333-8FDC-42A3-9474-1A3956D46DE8}") = "Infrastructure", "Infrastructure", "{EAE85147-99BB-482C-90FE-8C6A9E3FFEC0}"
EndProject
Project("{FAE04EC0-301F-11D3-BF4B-00C04F79EFBC}") = "Domain", "Domain\Domain.csproj", "{E8CD6BD1-08D6-4FAA-9FC2-16EB520096D1}"
EndProject
Project("{FAE04EC0-301F-11D3-BF4B-00C04F79EFBC}") = "Infrastructure", "Infrastrucuture\Infrastructure.csproj", "{E59C0477-7B1B-4AD2-949E-F32CF45E2D64}"
EndProject
Project("{FAE04EC0-301F-11D3-BF4B-00C04F79EFBC}") = "Infrastructure.Interfaces", "Infrastructure.Interfaces\Infrastructure.Interfaces.csproj", "{4B27DA48-396D-40F3-B422-9333F8CCC707}"
EndProject
Project("{2150E333-8FDC-42A3-9474-1A3956D46DE8}") = "Test", "Test", "{CB69245B-FBF2-4AE1-8A0A-E5CE53D47790}"
EndProject
Project("{FAE04EC0-301F-11D3-BF4B-00C04F79EFBC}") = "UnitTest.Integration.Repositories", "UnitTest.Integration.Repositories\UnitTest.Integration.Repositories.csproj", "{8C088B4D-81D2-469B-B902-17083F282000}"
EndProject
Project("{FAE04EC0-301F-11D3-BF4B-00C04F79EFBC}") = "Application", "Application\Application.csproj", "{34994A61-43FB-4342-B776-4E2A56A00DBA}"
EndProject
Project("{FAE04EC0-301F-11D3-BF4B-00C04F79EFBC}") = "Application.Interfaces", "Application.Interfaces\Application.Interfaces.csproj", "{B88F82BF-29E5-4CC4-8061-2F874DB1EF66}"
EndProject
Project("{FAE04EC0-301F-11D3-BF4B-00C04F79EFBC}") = "Application.IoC", "Application.IoC\Application.IoC.csproj", "{6A54B57B-A099-4D3E-ADDE-62EAD00E465A}"
EndProject
Project("{FAE04EC0-301F-11D3-BF4B-00C04F79EFBC}") = "Infrastructure.IoC", "Infrastructure.IoC\Infrastructure.IoC.csproj", "{A2A78A5D-A615-4A73-A1F8-D530113F37B0}"
EndProject
Global
	GlobalSection(SolutionConfigurationPlatforms) = preSolution
		Debug|Any CPU = Debug|Any CPU
		Release|Any CPU = Release|Any CPU
	EndGlobalSection
	GlobalSection(ProjectConfigurationPlatforms) = postSolution
		{E8CD6BD1-08D6-4FAA-9FC2-16EB520096D1}.Debug|Any CPU.ActiveCfg = Debug|Any CPU
		{E8CD6BD1-08D6-4FAA-9FC2-16EB520096D1}.Debug|Any CPU.Build.0 = Debug|Any CPU
		{E8CD6BD1-08D6-4FAA-9FC2-16EB520096D1}.Release|Any CPU.ActiveCfg = Release|Any CPU
		{E8CD6BD1-08D6-4FAA-9FC2-16EB520096D1}.Release|Any CPU.Build.0 = Release|Any CPU
		{E59C0477-7B1B-4AD2-949E-F32CF45E2D64}.Debug|Any CPU.ActiveCfg = Debug|Any CPU
		{E59C0477-7B1B-4AD2-949E-F32CF45E2D64}.Debug|Any CPU.Build.0 = Debug|Any CPU
		{E59C0477-7B1B-4AD2-949E-F32CF45E2D64}.Release|Any CPU.ActiveCfg = Release|Any CPU
		{E59C0477-7B1B-4AD2-949E-F32CF45E2D64}.Release|Any CPU.Build.0 = Release|Any CPU
		{4B27DA48-396D-40F3-B422-9333F8CCC707}.Debug|Any CPU.ActiveCfg = Debug|Any CPU
		{4B27DA48-396D-40F3-B422-9333F8CCC707}.Debug|Any CPU.Build.0 = Debug|Any CPU
		{4B27DA48-396D-40F3-B422-9333F8CCC707}.Release|Any CPU.ActiveCfg = Release|Any CPU
		{4B27DA48-396D-40F3-B422-9333F8CCC707}.Release|Any CPU.Build.0 = Release|Any CPU
		{8C088B4D-81D2-469B-B902-17083F282000}.Debug|Any CPU.ActiveCfg = Debug|Any CPU
		{8C088B4D-81D2-469B-B902-17083F282000}.Debug|Any CPU.Build.0 = Debug|Any CPU
		{8C088B4D-81D2-469B-B902-17083F282000}.Release|Any CPU.ActiveCfg = Release|Any CPU
		{8C088B4D-81D2-469B-B902-17083F282000}.Release|Any CPU.Build.0 = Release|Any CPU
		{34994A61-43FB-4342-B776-4E2A56A00DBA}.Debug|Any CPU.ActiveCfg = Debug|Any CPU
		{34994A61-43FB-4342-B776-4E2A56A00DBA}.Debug|Any CPU.Build.0 = Debug|Any CPU
		{34994A61-43FB-4342-B776-4E2A56A00DBA}.Release|Any CPU.ActiveCfg = Release|Any CPU
		{34994A61-43FB-4342-B776-4E2A56A00DBA}.Release|Any CPU.Build.0 = Release|Any CPU
		{B88F82BF-29E5-4CC4-8061-2F874DB1EF66}.Debug|Any CPU.ActiveCfg = Debug|Any CPU
		{B88F82BF-29E5-4CC4-8061-2F874DB1EF66}.Debug|Any CPU.Build.0 = Debug|Any CPU
		{B88F82BF-29E5-4CC4-8061-2F874DB1EF66}.Release|Any CPU.ActiveCfg = Release|Any CPU
		{B88F82BF-29E5-4CC4-8061-2F874DB1EF66}.Release|Any CPU.Build.0 = Release|Any CPU
		{6A54B57B-A099-4D3E-ADDE-62EAD00E465A}.Debug|Any CPU.ActiveCfg = Debug|Any CPU
		{6A54B57B-A099-4D3E-ADDE-62EAD00E465A}.Debug|Any CPU.Build.0 = Debug|Any CPU
		{6A54B57B-A099-4D3E-ADDE-62EAD00E465A}.Release|Any CPU.ActiveCfg = Release|Any CPU
		{6A54B57B-A099-4D3E-ADDE-62EAD00E465A}.Release|Any CPU.Build.0 = Release|Any CPU
		{A2A78A5D-A615-4A73-A1F8-D530113F37B0}.Debug|Any CPU.ActiveCfg = Debug|Any CPU
		{A2A78A5D-A615-4A73-A1F8-D530113F37B0}.Debug|Any CPU.Build.0 = Debug|Any CPU
		{A2A78A5D-A615-4A73-A1F8-D530113F37B0}.Release|Any CPU.ActiveCfg = Release|Any CPU
		{A2A78A5D-A615-4A73-A1F8-D530113F37B0}.Release|Any CPU.Build.0 = Release|Any CPU
	EndGlobalSection
	GlobalSection(SolutionProperties) = preSolution
		HideSolutionNode = FALSE
	EndGlobalSection
	GlobalSection(NestedProjects) = preSolution
		{E8CD6BD1-08D6-4FAA-9FC2-16EB520096D1} = {02EA681E-C7D8-13C7-8484-4AC65E1B71E8}
		{E59C0477-7B1B-4AD2-949E-F32CF45E2D64} = {EAE85147-99BB-482C-90FE-8C6A9E3FFEC0}
		{4B27DA48-396D-40F3-B422-9333F8CCC707} = {EAE85147-99BB-482C-90FE-8C6A9E3FFEC0}
		{8C088B4D-81D2-469B-B902-17083F282000} = {CB69245B-FBF2-4AE1-8A0A-E5CE53D47790}
		{34994A61-43FB-4342-B776-4E2A56A00DBA} = {02EA681E-C7D8-13C7-8484-4AC65E1B71E8}
		{B88F82BF-29E5-4CC4-8061-2F874DB1EF66} = {02EA681E-C7D8-13C7-8484-4AC65E1B71E8}
		{6A54B57B-A099-4D3E-ADDE-62EAD00E465A} = {02EA681E-C7D8-13C7-8484-4AC65E1B71E8}
		{A2A78A5D-A615-4A73-A1F8-D530113F37B0} = {EAE85147-99BB-482C-90FE-8C6A9E3FFEC0}
	EndGlobalSection
	GlobalSection(ExtensibilityGlobals) = postSolution
		SolutionGuid = {C7E98C1A-D6BA-461F-9AC6-4B5F1EE367AE}
	EndGlobalSection
EndGlobal
